lockfileVersion: '6.0'

settings:
  autoInstallPeers: true
  excludeLinksFromLockfile: false

dependencies:
  eta:
    specifier: ^3.2.0
    version: 3.2.0

devDependencies:
  '@types/node':
    specifier: ^20.10.1
    version: 20.10.1

packages:

  /@types/node@20.10.1:
    resolution: {integrity: sha512-T2qwhjWwGH81vUEx4EXmBKsTJRXFXNZTL4v0gi01+zyBmCwzE6TyHszqX01m+QHTEq+EZNo13NeJIdEqf+Myrg==}
    dependencies:
      undici-types: 5.26.5
    dev: true

  /eta@3.2.0:
    resolution: {integrity: sha512-Qzc3it7nLn49dbOb9+oHV9rwtt9qN8oShRztqkZ3gXPqQflF0VLin5qhWk0g/2ioibBwT4DU6OIMVft7tg/rVg==}
    engines: {node: '>=6.0.0'}
    dev: false

  /undici-types@5.26.5:
    resolution: {integrity: sha512-JlCMO+ehdEIKqlFxk6IfVoAUVmgz7cU7zD/h9XZ0qzeosSHmUJVOzSQvvYSYWXkFXC+IfLKSIffhv0sVZup6pA==}
    dev: true
